
Microsoft Visual Studio Solution File, Format Version 12.00
# Visual Studio Version 17
VisualStudioVersion = 17.4.33603.86
MinimumVisualStudioVersion = 10.0.40219.1
Project("{2150E333-8FDC-42A3-9474-1A3956D46DE8}") = "BookManagement.Server", "BookManagement.Server", "{D5C359C7-6619-4A39-AE27-CAD958D20A90}"
EndProject
Project("{2150E333-8FDC-42A3-9474-1A3956D46DE8}") = "BookManagement.Shared", "BookManagement.Shared", "{0FBD5B4B-BB8C-428D-90F2-C99D0A2D33FB}"
EndProject
Project("{2150E333-8FDC-42A3-9474-1A3956D46DE8}") = "BookManagement.UI", "BookManagement.UI", "{29A3AB22-6143-4475-B4CE-30EF15C73349}"
EndProject
Project("{9A19103F-16F7-4668-BE54-9A1E7A4F7556}") = "BookManagement.Server.API", "Solution\BookManagement.Server\BookManagement.Server.API\BookManagement.Server.API.csproj", "{530AE02A-E8E9-4439-9937-D71BD5B8407F}"
EndProject
Project("{9A19103F-16F7-4668-BE54-9A1E7A4F7556}") = "BookManagement.Server.BL", "Solution\BookManagement.Server\BookManagement.Server.BL\BookManagement.Server.BL.csproj", "{01AD3996-88B9-4143-BEBA-4B92BAA2F078}"
EndProject
Project("{9A19103F-16F7-4668-BE54-9A1E7A4F7556}") = "BookManagement.Server.DL", "Solution\BookManagement.Server\BookManagement.Server.DL\BookManagement.Server.DL.csproj", "{EF5F9AA2-AC66-4534-B325-90BE491AB93E}"
EndProject
Project("{9A19103F-16F7-4668-BE54-9A1E7A4F7556}") = "BookManagement.Shared.Models", "Solution\BookManagement.Shared\BookManagement.Shared.Models\BookManagement.Shared.Models.csproj", "{ABD45628-1BD1-4A35-91A3-8833E1DE0B1C}"
EndProject
Project("{9A19103F-16F7-4668-BE54-9A1E7A4F7556}") = "BookManagement.UI.Blazor", "Solution\BookManagement.UI\BookManagement.UI.Blazor\BookManagement.UI.Blazor.csproj", "{4F73A4FE-D545-4D07-8816-05CFF682C11C}"
EndProject
Global
	GlobalSection(SolutionConfigurationPlatforms) = preSolution
		Debug|Any CPU = Debug|Any CPU
		Release|Any CPU = Release|Any CPU
	EndGlobalSection
	GlobalSection(ProjectConfigurationPlatforms) = postSolution
		{530AE02A-E8E9-4439-9937-D71BD5B8407F}.Debug|Any CPU.ActiveCfg = Debug|Any CPU
		{530AE02A-E8E9-4439-9937-D71BD5B8407F}.Debug|Any CPU.Build.0 = Debug|Any CPU
		{530AE02A-E8E9-4439-9937-D71BD5B8407F}.Release|Any CPU.ActiveCfg = Release|Any CPU
		{530AE02A-E8E9-4439-9937-D71BD5B8407F}.Release|Any CPU.Build.0 = Release|Any CPU
		{01AD3996-88B9-4143-BEBA-4B92BAA2F078}.Debug|Any CPU.ActiveCfg = Debug|Any CPU
		{01AD3996-88B9-4143-BEBA-4B92BAA2F078}.Debug|Any CPU.Build.0 = Debug|Any CPU
		{01AD3996-88B9-4143-BEBA-4B92BAA2F078}.Release|Any CPU.ActiveCfg = Release|Any CPU
		{01AD3996-88B9-4143-BEBA-4B92BAA2F078}.Release|Any CPU.Build.0 = Release|Any CPU
		{EF5F9AA2-AC66-4534-B325-90BE491AB93E}.Debug|Any CPU.ActiveCfg = Debug|Any CPU
		{EF5F9AA2-AC66-4534-B325-90BE491AB93E}.Debug|Any CPU.Build.0 = Debug|Any CPU
		{EF5F9AA2-AC66-4534-B325-90BE491AB93E}.Release|Any CPU.ActiveCfg = Release|Any CPU
		{EF5F9AA2-AC66-4534-B325-90BE491AB93E}.Release|Any CPU.Build.0 = Release|Any CPU
		{ABD45628-1BD1-4A35-91A3-8833E1DE0B1C}.Debug|Any CPU.ActiveCfg = Debug|Any CPU
		{ABD45628-1BD1-4A35-91A3-8833E1DE0B1C}.Debug|Any CPU.Build.0 = Debug|Any CPU
		{ABD45628-1BD1-4A35-91A3-8833E1DE0B1C}.Release|Any CPU.ActiveCfg = Release|Any CPU
		{ABD45628-1BD1-4A35-91A3-8833E1DE0B1C}.Release|Any CPU.Build.0 = Release|Any CPU
		{4F73A4FE-D545-4D07-8816-05CFF682C11C}.Debug|Any CPU.ActiveCfg = Debug|Any CPU
		{4F73A4FE-D545-4D07-8816-05CFF682C11C}.Debug|Any CPU.Build.0 = Debug|Any CPU
		{4F73A4FE-D545-4D07-8816-05CFF682C11C}.Release|Any CPU.ActiveCfg = Release|Any CPU
		{4F73A4FE-D545-4D07-8816-05CFF682C11C}.Release|Any CPU.Build.0 = Release|Any CPU
	EndGlobalSection
	GlobalSection(SolutionProperties) = preSolution
		HideSolutionNode = FALSE
	EndGlobalSection
	GlobalSection(NestedProjects) = preSolution
		{530AE02A-E8E9-4439-9937-D71BD5B8407F} = {D5C359C7-6619-4A39-AE27-CAD958D20A90}
		{01AD3996-88B9-4143-BEBA-4B92BAA2F078} = {D5C359C7-6619-4A39-AE27-CAD958D20A90}
		{EF5F9AA2-AC66-4534-B325-90BE491AB93E} = {D5C359C7-6619-4A39-AE27-CAD958D20A90}
		{ABD45628-1BD1-4A35-91A3-8833E1DE0B1C} = {0FBD5B4B-BB8C-428D-90F2-C99D0A2D33FB}
		{4F73A4FE-D545-4D07-8816-05CFF682C11C} = {29A3AB22-6143-4475-B4CE-30EF15C73349}
	EndGlobalSection
	GlobalSection(ExtensibilityGlobals) = postSolution
		SolutionGuid = {7D8C2FD5-FF9A-4534-A01E-04EBDF7652D7}
	EndGlobalSection
EndGlobal
